
Microsoft Visual Studio Solution File, Format Version 12.00
# Visual Studio Version 16
VisualStudioVersion = 16.0.31129.286
MinimumVisualStudioVersion = 10.0.40219.1
Project("{FAE04EC0-301F-11D3-BF4B-00C04F79EFBC}") = "zad1", "zad1\zad1.csproj", "{4972DE68-DEDA-4B26-B4AE-8FF19E1F2088}"
EndProject
Global
	GlobalSection(SolutionConfigurationPlatforms) = preSolution
		Debug|Any CPU = Debug|Any CPU
		Release|Any CPU = Release|Any CPU
	EndGlobalSection
	GlobalSection(ProjectConfigurationPlatforms) = postSolution
		{4972DE68-DEDA-4B26-B4AE-8FF19E1F2088}.Debug|Any CPU.ActiveCfg = Debug|Any CPU
		{4972DE68-DEDA-4B26-B4AE-8FF19E1F2088}.Debug|Any CPU.Build.0 = Debug|Any CPU
		{4972DE68-DEDA-4B26-B4AE-8FF19E1F2088}.Release|Any CPU.ActiveCfg = Release|Any CPU
		{4972DE68-DEDA-4B26-B4AE-8FF19E1F2088}.Release|Any CPU.Build.0 = Release|Any CPU
	EndGlobalSection
	GlobalSection(SolutionProperties) = preSolution
		HideSolutionNode = FALSE
	EndGlobalSection
	GlobalSection(ExtensibilityGlobals) = postSolution
		SolutionGuid = {BE46ED91-A93D-4364-8AAA-5DE6DFEF2007}
	EndGlobalSection
EndGlobal
