
Microsoft Visual Studio Solution File, Format Version 12.00
# Visual Studio Version 16
VisualStudioVersion = 16.0.31129.286
MinimumVisualStudioVersion = 10.0.40219.1
Project("{FAE04EC0-301F-11D3-BF4B-00C04F79EFBC}") = "WpfApp1", "WpfApp1\WpfApp1.csproj", "{197164B8-A414-4D68-A851-554D1E6993D9}"
EndProject
Global
	GlobalSection(SolutionConfigurationPlatforms) = preSolution
		Debug|Any CPU = Debug|Any CPU
		Release|Any CPU = Release|Any CPU
	EndGlobalSection
	GlobalSection(ProjectConfigurationPlatforms) = postSolution
		{197164B8-A414-4D68-A851-554D1E6993D9}.Debug|Any CPU.ActiveCfg = Debug|Any CPU
		{197164B8-A414-4D68-A851-554D1E6993D9}.Debug|Any CPU.Build.0 = Debug|Any CPU
		{197164B8-A414-4D68-A851-554D1E6993D9}.Release|Any CPU.ActiveCfg = Release|Any CPU
		{197164B8-A414-4D68-A851-554D1E6993D9}.Release|Any CPU.Build.0 = Release|Any CPU
	EndGlobalSection
	GlobalSection(SolutionProperties) = preSolution
		HideSolutionNode = FALSE
	EndGlobalSection
	GlobalSection(ExtensibilityGlobals) = postSolution
		SolutionGuid = {716DD0C8-0A87-4B57-B439-CD8C4C6EB6C2}
	EndGlobalSection
EndGlobal
